
Microsoft Visual Studio Solution File, Format Version 12.00
# Visual Studio 15
VisualStudioVersion = 15.0.28307.1500
MinimumVisualStudioVersion = 10.0.40219.1
Project("{FAE04EC0-301F-11D3-BF4B-00C04F79EFBC}") = "WindowsFormsApp3", "WindowsFormsApp3\WindowsFormsApp3.csproj", "{A8CAFC80-16A0-47DF-8FC4-09D4B2CAACD5}"
EndProject
Global
	GlobalSection(SolutionConfigurationPlatforms) = preSolution
		Debug|Any CPU = Debug|Any CPU
		Release|Any CPU = Release|Any CPU
	EndGlobalSection
	GlobalSection(ProjectConfigurationPlatforms) = postSolution
		{A8CAFC80-16A0-47DF-8FC4-09D4B2CAACD5}.Debug|Any CPU.ActiveCfg = Debug|Any CPU
		{A8CAFC80-16A0-47DF-8FC4-09D4B2CAACD5}.Debug|Any CPU.Build.0 = Debug|Any CPU
		{A8CAFC80-16A0-47DF-8FC4-09D4B2CAACD5}.Release|Any CPU.ActiveCfg = Release|Any CPU
		{A8CAFC80-16A0-47DF-8FC4-09D4B2CAACD5}.Release|Any CPU.Build.0 = Release|Any CPU
	EndGlobalSection
	GlobalSection(SolutionProperties) = preSolution
		HideSolutionNode = FALSE
	EndGlobalSection
	GlobalSection(ExtensibilityGlobals) = postSolution
		SolutionGuid = {45CFC886-A25C-43B9-BA55-DFD318F2F4B4}
	EndGlobalSection
EndGlobal
